// !$*UTF8*$!
{
	archiveVersion = 1;
	classes = {
	};
	objectVersion = 54;
	objects = {

/* Begin PBXBuildFile section */
		016B508F9D747CE1FC7FDE30 /* HistoryView.swift in Sources */ = {isa = PBXBuildFile; fileRef = B51E8C6EDC4462FE2CF3615A /* HistoryView.swift */; };
		04350F884FB27406CDD06973 /* CancelRecordingTests.swift in Sources */ = {isa = PBXBuildFile; fileRef = F09EF9DA65CAE0B3D7021A80 /* CancelRecordingTests.swift */; };
		0CE1C49C2D713FE07F091F9A /* punct-model.onnx in Resources */ = {isa = PBXBuildFile; fileRef = 7AD979EB8D347A90D849D5AD /* punct-model.onnx */; };
		0E4454FD2F8D1C981F9757CB /* Foundation.framework in Frameworks */ = {isa = PBXBuildFile; fileRef = 796653EAA36688A3C0218515 /* Foundation.framework */; };
		10D2E47299F5EBD1DF52D731 /* PunctuationServiceTests.swift in Sources */ = {isa = PBXBuildFile; fileRef = 52B88EDA4B0D7EDA481B23A2 /* PunctuationServiceTests.swift */; };
		1143AA1B3B231826A9F07F92 /* ThreadSafetyTests.swift in Sources */ = {isa = PBXBuildFile; fileRef = 47E459F9B6C97C580BF03AAA /* ThreadSafetyTests.swift */; };
		12A358553475E296237C063D /* PipelineTests.swift in Sources */ = {isa = PBXBuildFile; fileRef = B80903570B4CF0F61A386292 /* PipelineTests.swift */; };
		13B99E3224F5F0ACD2F19F7F /* PanelFocusTests.swift in Sources */ = {isa = PBXBuildFile; fileRef = BB023F141BFA0A3A62532687 /* PanelFocusTests.swift */; };
		158E5AAC4B5DDCB95DD9C799 /* SpeechRecognizer.swift in Sources */ = {isa = PBXBuildFile; fileRef = 3B79125DB3A16F9A187F8871 /* SpeechRecognizer.swift */; };
		1CCB949D18208B438C462100 /* APIClient.swift in Sources */ = {isa = PBXBuildFile; fileRef = E1BF31080E922CE6F219595E /* APIClient.swift */; };
		1E2C9BDDE8D675B433EF91B0 /* VoKeyApp.swift in Sources */ = {isa = PBXBuildFile; fileRef = 303813A368ED178ADD1D3753 /* VoKeyApp.swift */; };
		1F583195751A33FB14A249DA /* tokens.txt in Resources */ = {isa = PBXBuildFile; fileRef = E7438F1392D95EBE93D08307 /* tokens.txt */; };
		2477F1E9E4FE0B4A301E5F8B /* AppStateTests.swift in Sources */ = {isa = PBXBuildFile; fileRef = 84C66B145F8296994EF5333B /* AppStateTests.swift */; };
		36CA8B51411A17CB4FDB6766 /* ModelFailureTests.swift in Sources */ = {isa = PBXBuildFile; fileRef = BD2E5BF84123A2C83EC61AE4 /* ModelFailureTests.swift */; };
		3932E3BEBCECD6AE8B0C8BD9 /* AudioCaptureTests.swift in Sources */ = {isa = PBXBuildFile; fileRef = D75CA89E65E6DE00322E2FD4 /* AudioCaptureTests.swift */; };
		3E03655C9368E5C961CF584D /* AudioBackupService.swift in Sources */ = {isa = PBXBuildFile; fileRef = F4450CCEFF99D66465A04BCB /* AudioBackupService.swift */; };
		40A7D2506D84E960D80DACCA /* AudioBackupServiceTests.swift in Sources */ = {isa = PBXBuildFile; fileRef = B70737027F7C4E60E940EF28 /* AudioBackupServiceTests.swift */; };
		428E8A5EB8163911AFAAE0A8 /* CallbackChainTests.swift in Sources */ = {isa = PBXBuildFile; fileRef = 567543407231F6E107C4BD9E /* CallbackChainTests.swift */; };
		49A51B89CC503D8110DAD04C /* ContentView.swift in Sources */ = {isa = PBXBuildFile; fileRef = ED4ACA9260ED3D75E6F02D75 /* ContentView.swift */; };
		4ECF3E9F9FBB8E68FF14676B /* CGEventPasteTests.swift in Sources */ = {isa = PBXBuildFile; fileRef = A2406FBDEF7CDAEF590C238F /* CGEventPasteTests.swift */; };
		4F6615C79B9C6D9F1E170D9A /* libsqlite3.tbd in Frameworks */ = {isa = PBXBuildFile; fileRef = FAAA81BB81FEC194C57D95FC /* libsqlite3.tbd */; };
		575A580C849D4EAB8818189B /* SherpaOnnx.swift in Sources */ = {isa = PBXBuildFile; fileRef = F8368BCC940F8756D99F7D1E /* SherpaOnnx.swift */; };
		5B31F2441694435C43E7CBD3 /* PlaceholderTests.swift in Sources */ = {isa = PBXBuildFile; fileRef = D385EB9074DBCF62F5EBAEF0 /* PlaceholderTests.swift */; };
		62618B0713DB5594713EAE34 /* AVFoundation.framework in Frameworks */ = {isa = PBXBuildFile; fileRef = C62B9C4B05D1F0F4FBBC045E /* AVFoundation.framework */; };
		65F38D492793F8A94A9BD966 /* Accelerate.framework in Frameworks */ = {isa = PBXBuildFile; fileRef = 2F70DB866C5A15891537B610 /* Accelerate.framework */; };
		69CFDF342BFE72BCC7034EEF /* HistoryStore.swift in Sources */ = {isa = PBXBuildFile; fileRef = 8D818E0ABEDCFE2670B8D2D2 /* HistoryStore.swift */; };
		6D503140A51E3BA04040E151 /* SpeechRecognizerTests.swift in Sources */ = {isa = PBXBuildFile; fileRef = 6DEC69D16C15505AD2219108 /* SpeechRecognizerTests.swift */; };
		6F31F0B81F27B22E297DBCEB /* CancelKeyTests.swift in Sources */ = {isa = PBXBuildFile; fileRef = E7DB3E6987E0B7F417FC5F4A /* CancelKeyTests.swift */; };
		71422DDB550970550CB45B81 /* HotkeyLogicTests.swift in Sources */ = {isa = PBXBuildFile; fileRef = BE735C70027AECCE7E1C4973 /* HotkeyLogicTests.swift */; };
		759FE520D04A8BE436E66CF1 /* HotkeyManager.swift in Sources */ = {isa = PBXBuildFile; fileRef = DE995AA0B9A9D84112A524FA /* HotkeyManager.swift */; };
		820BB6693FEEBD8B2DB6946C /* MenuBarView.swift in Sources */ = {isa = PBXBuildFile; fileRef = B04F2D71058F47D847EF2189 /* MenuBarView.swift */; };
		944D16AA97C8A72E91828B8A /* CGEventSimulationTests.swift in Sources */ = {isa = PBXBuildFile; fileRef = 3380B7DED10F68F908B1399B /* CGEventSimulationTests.swift */; };
		95C675B22F7C9ECF413FE827 /* SupplementaryTests.swift in Sources */ = {isa = PBXBuildFile; fileRef = 3BFEB353D93A3576FFF9BE21 /* SupplementaryTests.swift */; };
		961803F59EDCB7833C62C489 /* AudioFormatTests.swift in Sources */ = {isa = PBXBuildFile; fileRef = B8AEEE7019C94EC24A1D65A8 /* AudioFormatTests.swift */; };
		99B0648C7989ACC9BFFCB119 /* HotkeyConfig.swift in Sources */ = {isa = PBXBuildFile; fileRef = A290F3742DF347B9B34FEFD0 /* HotkeyConfig.swift */; };
		9A8128855EAA2AF1470652C5 /* RecordingPanel.swift in Sources */ = {isa = PBXBuildFile; fileRef = 58669339882C8D3E3842306F /* RecordingPanel.swift */; };
		A5F752E83CA5C219FD6145E9 /* TestMocks.swift in Sources */ = {isa = PBXBuildFile; fileRef = 03FCBBA39F19029F4C9EC47E /* TestMocks.swift */; };
		A6EECA08133BC357DEE64493 /* AppState.swift in Sources */ = {isa = PBXBuildFile; fileRef = 733F0C7F8EE64162A9131567 /* AppState.swift */; };
		A9C324B201057450A45846AC /* AppDelegate.swift in Sources */ = {isa = PBXBuildFile; fileRef = C492A4DD9E1B4489EFCCA81A /* AppDelegate.swift */; };
		AE42886A119AB40829BE4410 /* ClipboardTests.swift in Sources */ = {isa = PBXBuildFile; fileRef = 9264E374248B70F7D5276392 /* ClipboardTests.swift */; };
		BB1EC639497D80146F99E40A /* 0.wav in Resources */ = {isa = PBXBuildFile; fileRef = 58DDBEF9ECE8F38FA5052737 /* 0.wav */; };
		C1BA8CE73997FC0B14CDFE81 /* AudioRecorder.swift in Sources */ = {isa = PBXBuildFile; fileRef = C14F3A4CB3B77E1F3D1EF479 /* AudioRecorder.swift */; };
		C2D3AC96D610645E9674E2E6 /* model.int8.onnx in Resources */ = {isa = PBXBuildFile; fileRef = BEB794265442239A2475EABC /* model.int8.onnx */; };
		C4C68594C0ED19473C68F48E /* CGEventTapTests.swift in Sources */ = {isa = PBXBuildFile; fileRef = A4D8A3C88987586D4FCE0663 /* CGEventTapTests.swift */; };
		D0D5667192E18955ABECB217 /* SettingsView.swift in Sources */ = {isa = PBXBuildFile; fileRef = 68C0B6682CD15DAFE01D29AF /* SettingsView.swift */; };
		D6BCAE53FD1D4A0615DD0496 /* Protocols.swift in Sources */ = {isa = PBXBuildFile; fileRef = 0FA0AF3C6DF4488130C35C18 /* Protocols.swift */; };
		D70E7D4756AC5FA3DC5B7A6D /* sherpa-onnx.xcframework in Frameworks */ = {isa = PBXBuildFile; fileRef = D3CFACF1CEE7375EAE7B1AB2 /* sherpa-onnx.xcframework */; };
		DA9AD49E56E95F04E6E3296E /* PunctuationService.swift in Sources */ = {isa = PBXBuildFile; fileRef = 927B6E624ABB80A638599C99 /* PunctuationService.swift */; };
		DF34551EA8C9F200F0C17244 /* TextOutputService.swift in Sources */ = {isa = PBXBuildFile; fileRef = AA336BAD45461CD4992ABF59 /* TextOutputService.swift */; };
/* End PBXBuildFile section */

/* Begin PBXContainerItemProxy section */
		431143171910F72CDBCAA2BB /* PBXContainerItemProxy */ = {
			isa = PBXContainerItemProxy;
			containerPortal = 2DBD7EFAF13F7F91C57DD08C /* Project object */;
			proxyType = 1;
			remoteGlobalIDString = 6253D7DF434E25319BE6B23B;
			remoteInfo = VoKey;
		};
/* End PBXContainerItemProxy section */

/* Begin PBXFileReference section */
		03FCBBA39F19029F4C9EC47E /* TestMocks.swift */ = {isa = PBXFileReference; lastKnownFileType = sourcecode.swift; path = TestMocks.swift; sourceTree = "<group>"; };
		0FA0AF3C6DF4488130C35C18 /* Protocols.swift */ = {isa = PBXFileReference; lastKnownFileType = sourcecode.swift; path = Protocols.swift; sourceTree = "<group>"; };
		2F70DB866C5A15891537B610 /* Accelerate.framework */ = {isa = PBXFileReference; lastKnownFileType = wrapper.framework; name = Accelerate.framework; path = System/Library/Frameworks/Accelerate.framework; sourceTree = SDKROOT; };
		303813A368ED178ADD1D3753 /* VoKeyApp.swift */ = {isa = PBXFileReference; lastKnownFileType = sourcecode.swift; path = VoKeyApp.swift; sourceTree = "<group>"; };
		3380B7DED10F68F908B1399B /* CGEventSimulationTests.swift */ = {isa = PBXFileReference; lastKnownFileType = sourcecode.swift; path = CGEventSimulationTests.swift; sourceTree = "<group>"; };
		3B79125DB3A16F9A187F8871 /* SpeechRecognizer.swift */ = {isa = PBXFileReference; lastKnownFileType = sourcecode.swift; path = SpeechRecognizer.swift; sourceTree = "<group>"; };
		3BFEB353D93A3576FFF9BE21 /* SupplementaryTests.swift */ = {isa = PBXFileReference; lastKnownFileType = sourcecode.swift; path = SupplementaryTests.swift; sourceTree = "<group>"; };
		4663D644C0FCA0EBB1B8D34B /* VoKeyTests.xctest */ = {isa = PBXFileReference; explicitFileType = wrapper.cfbundle; includeInIndex = 0; path = VoKeyTests.xctest; sourceTree = BUILT_PRODUCTS_DIR; };
		47E459F9B6C97C580BF03AAA /* ThreadSafetyTests.swift */ = {isa = PBXFileReference; lastKnownFileType = sourcecode.swift; path = ThreadSafetyTests.swift; sourceTree = "<group>"; };
		52B88EDA4B0D7EDA481B23A2 /* PunctuationServiceTests.swift */ = {isa = PBXFileReference; lastKnownFileType = sourcecode.swift; path = PunctuationServiceTests.swift; sourceTree = "<group>"; };
		567543407231F6E107C4BD9E /* CallbackChainTests.swift */ = {isa = PBXFileReference; lastKnownFileType = sourcecode.swift; path = CallbackChainTests.swift; sourceTree = "<group>"; };
		58669339882C8D3E3842306F /* RecordingPanel.swift */ = {isa = PBXFileReference; lastKnownFileType = sourcecode.swift; path = RecordingPanel.swift; sourceTree = "<group>"; };
		58DDBEF9ECE8F38FA5052737 /* 0.wav */ = {isa = PBXFileReference; lastKnownFileType = audio.wav; path = 0.wav; sourceTree = "<group>"; };
		68C0B6682CD15DAFE01D29AF /* SettingsView.swift */ = {isa = PBXFileReference; lastKnownFileType = sourcecode.swift; path = SettingsView.swift; sourceTree = "<group>"; };
		6DEC69D16C15505AD2219108 /* SpeechRecognizerTests.swift */ = {isa = PBXFileReference; lastKnownFileType = sourcecode.swift; path = SpeechRecognizerTests.swift; sourceTree = "<group>"; };
		733F0C7F8EE64162A9131567 /* AppState.swift */ = {isa = PBXFileReference; lastKnownFileType = sourcecode.swift; path = AppState.swift; sourceTree = "<group>"; };
		7582F21B095A07835DECC852 /* Info.plist */ = {isa = PBXFileReference; lastKnownFileType = text.plist; path = Info.plist; sourceTree = "<group>"; };
		796653EAA36688A3C0218515 /* Foundation.framework */ = {isa = PBXFileReference; lastKnownFileType = wrapper.framework; name = Foundation.framework; path = System/Library/Frameworks/Foundation.framework; sourceTree = SDKROOT; };
		7AD979EB8D347A90D849D5AD /* punct-model.onnx */ = {isa = PBXFileReference; path = "punct-model.onnx"; sourceTree = "<group>"; };
		84C66B145F8296994EF5333B /* AppStateTests.swift */ = {isa = PBXFileReference; lastKnownFileType = sourcecode.swift; path = AppStateTests.swift; sourceTree = "<group>"; };
		8D818E0ABEDCFE2670B8D2D2 /* HistoryStore.swift */ = {isa = PBXFileReference; lastKnownFileType = sourcecode.swift; path = HistoryStore.swift; sourceTree = "<group>"; };
		8E1F6BD7EEF01FEF08F94C1A /* SherpaOnnx-Bridging-Header.h */ = {isa = PBXFileReference; lastKnownFileType = sourcecode.c.h; path = "SherpaOnnx-Bridging-Header.h"; sourceTree = "<group>"; };
		9264E374248B70F7D5276392 /* ClipboardTests.swift */ = {isa = PBXFileReference; lastKnownFileType = sourcecode.swift; path = ClipboardTests.swift; sourceTree = "<group>"; };
		927B6E624ABB80A638599C99 /* PunctuationService.swift */ = {isa = PBXFileReference; lastKnownFileType = sourcecode.swift; path = PunctuationService.swift; sourceTree = "<group>"; };
		A2406FBDEF7CDAEF590C238F /* CGEventPasteTests.swift */ = {isa = PBXFileReference; lastKnownFileType = sourcecode.swift; path = CGEventPasteTests.swift; sourceTree = "<group>"; };
		A290F3742DF347B9B34FEFD0 /* HotkeyConfig.swift */ = {isa = PBXFileReference; lastKnownFileType = sourcecode.swift; path = HotkeyConfig.swift; sourceTree = "<group>"; };
		A4D8A3C88987586D4FCE0663 /* CGEventTapTests.swift */ = {isa = PBXFileReference; lastKnownFileType = sourcecode.swift; path = CGEventTapTests.swift; sourceTree = "<group>"; };
		AA336BAD45461CD4992ABF59 /* TextOutputService.swift */ = {isa = PBXFileReference; lastKnownFileType = sourcecode.swift; path = TextOutputService.swift; sourceTree = "<group>"; };
		B04F2D71058F47D847EF2189 /* MenuBarView.swift */ = {isa = PBXFileReference; lastKnownFileType = sourcecode.swift; path = MenuBarView.swift; sourceTree = "<group>"; };
		B51E8C6EDC4462FE2CF3615A /* HistoryView.swift */ = {isa = PBXFileReference; lastKnownFileType = sourcecode.swift; path = HistoryView.swift; sourceTree = "<group>"; };
		B70737027F7C4E60E940EF28 /* AudioBackupServiceTests.swift */ = {isa = PBXFileReference; lastKnownFileType = sourcecode.swift; path = AudioBackupServiceTests.swift; sourceTree = "<group>"; };
		B80903570B4CF0F61A386292 /* PipelineTests.swift */ = {isa = PBXFileReference; lastKnownFileType = sourcecode.swift; path = PipelineTests.swift; sourceTree = "<group>"; };
		B8AEEE7019C94EC24A1D65A8 /* AudioFormatTests.swift */ = {isa = PBXFileReference; lastKnownFileType = sourcecode.swift; path = AudioFormatTests.swift; sourceTree = "<group>"; };
		BB023F141BFA0A3A62532687 /* PanelFocusTests.swift */ = {isa = PBXFileReference; lastKnownFileType = sourcecode.swift; path = PanelFocusTests.swift; sourceTree = "<group>"; };
		BD2E5BF84123A2C83EC61AE4 /* ModelFailureTests.swift */ = {isa = PBXFileReference; lastKnownFileType = sourcecode.swift; path = ModelFailureTests.swift; sourceTree = "<group>"; };
		BE735C70027AECCE7E1C4973 /* HotkeyLogicTests.swift */ = {isa = PBXFileReference; lastKnownFileType = sourcecode.swift; path = HotkeyLogicTests.swift; sourceTree = "<group>"; };
		BEB794265442239A2475EABC /* model.int8.onnx */ = {isa = PBXFileReference; path = model.int8.onnx; sourceTree = "<group>"; };
		C14F3A4CB3B77E1F3D1EF479 /* AudioRecorder.swift */ = {isa = PBXFileReference; lastKnownFileType = sourcecode.swift; path = AudioRecorder.swift; sourceTree = "<group>"; };
		C492A4DD9E1B4489EFCCA81A /* AppDelegate.swift */ = {isa = PBXFileReference; lastKnownFileType = sourcecode.swift; path = AppDelegate.swift; sourceTree = "<group>"; };
		C62B9C4B05D1F0F4FBBC045E /* AVFoundation.framework */ = {isa = PBXFileReference; lastKnownFileType = wrapper.framework; name = AVFoundation.framework; path = System/Library/Frameworks/AVFoundation.framework; sourceTree = SDKROOT; };
		D385EB9074DBCF62F5EBAEF0 /* PlaceholderTests.swift */ = {isa = PBXFileReference; lastKnownFileType = sourcecode.swift; path = PlaceholderTests.swift; sourceTree = "<group>"; };
		D3CFACF1CEE7375EAE7B1AB2 /* sherpa-onnx.xcframework */ = {isa = PBXFileReference; lastKnownFileType = wrapper.xcframework; name = "sherpa-onnx.xcframework"; path = "Libraries/sherpa-onnx.xcframework"; sourceTree = "<group>"; };
		D75CA89E65E6DE00322E2FD4 /* AudioCaptureTests.swift */ = {isa = PBXFileReference; lastKnownFileType = sourcecode.swift; path = AudioCaptureTests.swift; sourceTree = "<group>"; };
		DE995AA0B9A9D84112A524FA /* HotkeyManager.swift */ = {isa = PBXFileReference; lastKnownFileType = sourcecode.swift; path = HotkeyManager.swift; sourceTree = "<group>"; };
		E1BF31080E922CE6F219595E /* APIClient.swift */ = {isa = PBXFileReference; lastKnownFileType = sourcecode.swift; path = APIClient.swift; sourceTree = "<group>"; };
		E7438F1392D95EBE93D08307 /* tokens.txt */ = {isa = PBXFileReference; lastKnownFileType = text; path = tokens.txt; sourceTree = "<group>"; };
		E7DB3E6987E0B7F417FC5F4A /* CancelKeyTests.swift */ = {isa = PBXFileReference; lastKnownFileType = sourcecode.swift; path = CancelKeyTests.swift; sourceTree = "<group>"; };
		ED4ACA9260ED3D75E6F02D75 /* ContentView.swift */ = {isa = PBXFileReference; lastKnownFileType = sourcecode.swift; path = ContentView.swift; sourceTree = "<group>"; };
		F09EF9DA65CAE0B3D7021A80 /* CancelRecordingTests.swift */ = {isa = PBXFileReference; lastKnownFileType = sourcecode.swift; path = CancelRecordingTests.swift; sourceTree = "<group>"; };
		F4450CCEFF99D66465A04BCB /* AudioBackupService.swift */ = {isa = PBXFileReference; lastKnownFileType = sourcecode.swift; path = AudioBackupService.swift; sourceTree = "<group>"; };
		F8368BCC940F8756D99F7D1E /* SherpaOnnx.swift */ = {isa = PBXFileReference; lastKnownFileType = sourcecode.swift; path = SherpaOnnx.swift; sourceTree = "<group>"; };
		F9E596CE9270974BAFF458F4 /* VoKey.app */ = {isa = PBXFileReference; explicitFileType = wrapper.application; includeInIndex = 0; path = VoKey.app; sourceTree = BUILT_PRODUCTS_DIR; };
		FAAA81BB81FEC194C57D95FC /* libsqlite3.tbd */ = {isa = PBXFileReference; lastKnownFileType = "sourcecode.text-based-dylib-definition"; name = libsqlite3.tbd; path = usr/lib/libsqlite3.tbd; sourceTree = SDKROOT; };
/* End PBXFileReference section */

/* Begin PBXFrameworksBuildPhase section */
		B465D0536F46233FAB01467F /* Frameworks */ = {
			isa = PBXFrameworksBuildPhase;
			buildActionMask = 2147483647;
			files = (
				D70E7D4756AC5FA3DC5B7A6D /* sherpa-onnx.xcframework in Frameworks */,
				65F38D492793F8A94A9BD966 /* Accelerate.framework in Frameworks */,
				0E4454FD2F8D1C981F9757CB /* Foundation.framework in Frameworks */,
				62618B0713DB5594713EAE34 /* AVFoundation.framework in Frameworks */,
				4F6615C79B9C6D9F1E170D9A /* libsqlite3.tbd in Frameworks */,
			);
			runOnlyForDeploymentPostprocessing = 0;
		};
/* End PBXFrameworksBuildPhase section */

/* Begin PBXGroup section */
		023CB8AC179D0DF2DF9258A2 /* TestAudio */ = {
			isa = PBXGroup;
			children = (
				58DDBEF9ECE8F38FA5052737 /* 0.wav */,
			);
			path = TestAudio;
			sourceTree = "<group>";
		};
		0685507AB3FF00BADCE6FC2C = {
			isa = PBXGroup;
			children = (
				61F1E5F82353FBF4AC20136C /* Resources */,
				15B5E7AD9F0BFDBB73E5CE18 /* VoKey */,
				94E1BEE730F81582413CA8AD /* VoKeyTests */,
				66716A92D53F0B00165DA75E /* Frameworks */,
				D4E3CCEA604A00061A9E21BB /* Products */,
			);
			sourceTree = "<group>";
		};
		15B5E7AD9F0BFDBB73E5CE18 /* VoKey */ = {
			isa = PBXGroup;
			children = (
				C492A4DD9E1B4489EFCCA81A /* AppDelegate.swift */,
				733F0C7F8EE64162A9131567 /* AppState.swift */,
				ED4ACA9260ED3D75E6F02D75 /* ContentView.swift */,
				7582F21B095A07835DECC852 /* Info.plist */,
				303813A368ED178ADD1D3753 /* VoKeyApp.swift */,
				6F3BCC5DDD566F87ACAC6102 /* Services */,
				BB2D6393BD0FF30B94FA4FC2 /* SherpaOnnx */,
				BA8458388D78A9A2A6DCA2A6 /* Views */,
			);
			path = VoKey;
			sourceTree = "<group>";
		};
		16678F07826CADB6C7C4E169 /* StateMachine */ = {
			isa = PBXGroup;
			children = (
				84C66B145F8296994EF5333B /* AppStateTests.swift */,
				F09EF9DA65CAE0B3D7021A80 /* CancelRecordingTests.swift */,
			);
			path = StateMachine;
			sourceTree = "<group>";
		};
		16A7A2F1CAA1F24ABAD13D7D /* Integration */ = {
			isa = PBXGroup;
			children = (
				567543407231F6E107C4BD9E /* CallbackChainTests.swift */,
				B80903570B4CF0F61A386292 /* PipelineTests.swift */,
				47E459F9B6C97C580BF03AAA /* ThreadSafetyTests.swift */,
			);
			path = Integration;
			sourceTree = "<group>";
		};
		1D5AC8ED1DCC03B29A70C257 /* Unit */ = {
			isa = PBXGroup;
			children = (
				B70737027F7C4E60E940EF28 /* AudioBackupServiceTests.swift */,
				B8AEEE7019C94EC24A1D65A8 /* AudioFormatTests.swift */,
				9264E374248B70F7D5276392 /* ClipboardTests.swift */,
				BE735C70027AECCE7E1C4973 /* HotkeyLogicTests.swift */,
				BD2E5BF84123A2C83EC61AE4 /* ModelFailureTests.swift */,
				D385EB9074DBCF62F5EBAEF0 /* PlaceholderTests.swift */,
				52B88EDA4B0D7EDA481B23A2 /* PunctuationServiceTests.swift */,
				6DEC69D16C15505AD2219108 /* SpeechRecognizerTests.swift */,
				3BFEB353D93A3576FFF9BE21 /* SupplementaryTests.swift */,
			);
			path = Unit;
			sourceTree = "<group>";
		};
		1EC9291A7E1D924B76B62EC9 /* Mocks */ = {
			isa = PBXGroup;
			children = (
				03FCBBA39F19029F4C9EC47E /* TestMocks.swift */,
			);
			path = Mocks;
			sourceTree = "<group>";
		};
		60DE253EB74485DEFCD9B70C /* HotkeyLogic */ = {
			isa = PBXGroup;
			children = (
				E7DB3E6987E0B7F417FC5F4A /* CancelKeyTests.swift */,
			);
			path = HotkeyLogic;
			sourceTree = "<group>";
		};
		61F1E5F82353FBF4AC20136C /* Resources */ = {
			isa = PBXGroup;
			children = (
				958854EDC5C3327BA7F9AE7D /* Models */,
				023CB8AC179D0DF2DF9258A2 /* TestAudio */,
			);
			name = Resources;
			path = VoKey/Resources;
			sourceTree = "<group>";
		};
		66716A92D53F0B00165DA75E /* Frameworks */ = {
			isa = PBXGroup;
			children = (
				2F70DB866C5A15891537B610 /* Accelerate.framework */,
				C62B9C4B05D1F0F4FBBC045E /* AVFoundation.framework */,
				796653EAA36688A3C0218515 /* Foundation.framework */,
				FAAA81BB81FEC194C57D95FC /* libsqlite3.tbd */,
				D3CFACF1CEE7375EAE7B1AB2 /* sherpa-onnx.xcframework */,
			);
			name = Frameworks;
			sourceTree = "<group>";
		};
		6F3BCC5DDD566F87ACAC6102 /* Services */ = {
			isa = PBXGroup;
			children = (
				E1BF31080E922CE6F219595E /* APIClient.swift */,
				F4450CCEFF99D66465A04BCB /* AudioBackupService.swift */,
				C14F3A4CB3B77E1F3D1EF479 /* AudioRecorder.swift */,
				8D818E0ABEDCFE2670B8D2D2 /* HistoryStore.swift */,
				A290F3742DF347B9B34FEFD0 /* HotkeyConfig.swift */,
				DE995AA0B9A9D84112A524FA /* HotkeyManager.swift */,
				0FA0AF3C6DF4488130C35C18 /* Protocols.swift */,
				927B6E624ABB80A638599C99 /* PunctuationService.swift */,
				3B79125DB3A16F9A187F8871 /* SpeechRecognizer.swift */,
				AA336BAD45461CD4992ABF59 /* TextOutputService.swift */,
			);
			path = Services;
			sourceTree = "<group>";
		};
		94E1BEE730F81582413CA8AD /* VoKeyTests */ = {
			isa = PBXGroup;
			children = (
				60DE253EB74485DEFCD9B70C /* HotkeyLogic */,
				16A7A2F1CAA1F24ABAD13D7D /* Integration */,
				1EC9291A7E1D924B76B62EC9 /* Mocks */,
				16678F07826CADB6C7C4E169 /* StateMachine */,
				DE1419F3B4993E266E065B8A /* System */,
				1D5AC8ED1DCC03B29A70C257 /* Unit */,
			);
			path = VoKeyTests;
			sourceTree = "<group>";
		};
		958854EDC5C3327BA7F9AE7D /* Models */ = {
			isa = PBXGroup;
			children = (
				BEB794265442239A2475EABC /* model.int8.onnx */,
				7AD979EB8D347A90D849D5AD /* punct-model.onnx */,
				E7438F1392D95EBE93D08307 /* tokens.txt */,
			);
			path = Models;
			sourceTree = "<group>";
		};
		BA8458388D78A9A2A6DCA2A6 /* Views */ = {
			isa = PBXGroup;
			children = (
				B51E8C6EDC4462FE2CF3615A /* HistoryView.swift */,
				B04F2D71058F47D847EF2189 /* MenuBarView.swift */,
				58669339882C8D3E3842306F /* RecordingPanel.swift */,
				68C0B6682CD15DAFE01D29AF /* SettingsView.swift */,
			);
			path = Views;
			sourceTree = "<group>";
		};
		BB2D6393BD0FF30B94FA4FC2 /* SherpaOnnx */ = {
			isa = PBXGroup;
			children = (
				8E1F6BD7EEF01FEF08F94C1A /* SherpaOnnx-Bridging-Header.h */,
				F8368BCC940F8756D99F7D1E /* SherpaOnnx.swift */,
			);
			path = SherpaOnnx;
			sourceTree = "<group>";
		};
		D4E3CCEA604A00061A9E21BB /* Products */ = {
			isa = PBXGroup;
			children = (
				F9E596CE9270974BAFF458F4 /* VoKey.app */,
				4663D644C0FCA0EBB1B8D34B /* VoKeyTests.xctest */,
			);
			name = Products;
			sourceTree = "<group>";
		};
		DE1419F3B4993E266E065B8A /* System */ = {
			isa = PBXGroup;
			children = (
				D75CA89E65E6DE00322E2FD4 /* AudioCaptureTests.swift */,
				A2406FBDEF7CDAEF590C238F /* CGEventPasteTests.swift */,
				3380B7DED10F68F908B1399B /* CGEventSimulationTests.swift */,
				A4D8A3C88987586D4FCE0663 /* CGEventTapTests.swift */,
				BB023F141BFA0A3A62532687 /* PanelFocusTests.swift */,
			);
			path = System;
			sourceTree = "<group>";
		};
		"TEMP_FB08A440-287B-41DC-A7A9-F999B57C451D" /* Resources */ = {
			isa = PBXGroup;
			children = (
			);
			path = Resources;
			sourceTree = "<group>";
		};
/* End PBXGroup section */

/* Begin PBXNativeTarget section */
		6253D7DF434E25319BE6B23B /* VoKey */ = {
			isa = PBXNativeTarget;
			buildConfigurationList = EF5925B1878816E8A204E18C /* Build configuration list for PBXNativeTarget "VoKey" */;
			buildPhases = (
				A18493949CEE31153F1C5A94 /* Sources */,
				4210A8AF86983D8DC95F3E1B /* Resources */,
				B465D0536F46233FAB01467F /* Frameworks */,
			);
			buildRules = (
			);
			dependencies = (
			);
			name = VoKey;
			packageProductDependencies = (
			);
			productName = VoKey;
			productReference = F9E596CE9270974BAFF458F4 /* VoKey.app */;
			productType = "com.apple.product-type.application";
		};
		BFF1BEFB9578D356F0828313 /* VoKeyTests */ = {
			isa = PBXNativeTarget;
			buildConfigurationList = D8C585424B804FEFA4C4F0AC /* Build configuration list for PBXNativeTarget "VoKeyTests" */;
			buildPhases = (
				6984906B69783AC2233C6267 /* Sources */,
			);
			buildRules = (
			);
			dependencies = (
				A0BFC62A555953296530E5E0 /* PBXTargetDependency */,
			);
			name = VoKeyTests;
			packageProductDependencies = (
			);
			productName = VoKeyTests;
			productReference = 4663D644C0FCA0EBB1B8D34B /* VoKeyTests.xctest */;
			productType = "com.apple.product-type.bundle.unit-test";
		};
/* End PBXNativeTarget section */

/* Begin PBXProject section */
		2DBD7EFAF13F7F91C57DD08C /* Project object */ = {
			isa = PBXProject;
			attributes = {
				BuildIndependentTargetsInParallel = YES;
				LastUpgradeCheck = 1600;
				TargetAttributes = {
					6253D7DF434E25319BE6B23B = {
						DevelopmentTeam = REDACTED_TEAM_ID;
					};
				};
			};
			buildConfigurationList = 664B584C93FDFC60AE0C2FA7 /* Build configuration list for PBXProject "VoKey" */;
			compatibilityVersion = "Xcode 14.0";
			developmentRegion = en;
			hasScannedForEncodings = 0;
			knownRegions = (
				Base,
				en,
			);
			mainGroup = 0685507AB3FF00BADCE6FC2C;
			minimizedProjectReferenceProxies = 1;
			preferredProjectObjectVersion = 54;
			projectDirPath = "";
			projectRoot = "";
			targets = (
				6253D7DF434E25319BE6B23B /* VoKey */,
				BFF1BEFB9578D356F0828313 /* VoKeyTests */,
			);
		};
/* End PBXProject section */

/* Begin PBXResourcesBuildPhase section */
		4210A8AF86983D8DC95F3E1B /* Resources */ = {
			isa = PBXResourcesBuildPhase;
			buildActionMask = 2147483647;
			files = (
				BB1EC639497D80146F99E40A /* 0.wav in Resources */,
				C2D3AC96D610645E9674E2E6 /* model.int8.onnx in Resources */,
				0CE1C49C2D713FE07F091F9A /* punct-model.onnx in Resources */,
				1F583195751A33FB14A249DA /* tokens.txt in Resources */,
			);
			runOnlyForDeploymentPostprocessing = 0;
		};
/* End PBXResourcesBuildPhase section */

/* Begin PBXSourcesBuildPhase section */
		6984906B69783AC2233C6267 /* Sources */ = {
			isa = PBXSourcesBuildPhase;
			buildActionMask = 2147483647;
			files = (
				2477F1E9E4FE0B4A301E5F8B /* AppStateTests.swift in Sources */,
				40A7D2506D84E960D80DACCA /* AudioBackupServiceTests.swift in Sources */,
				3932E3BEBCECD6AE8B0C8BD9 /* AudioCaptureTests.swift in Sources */,
				961803F59EDCB7833C62C489 /* AudioFormatTests.swift in Sources */,
				4ECF3E9F9FBB8E68FF14676B /* CGEventPasteTests.swift in Sources */,
				944D16AA97C8A72E91828B8A /* CGEventSimulationTests.swift in Sources */,
				C4C68594C0ED19473C68F48E /* CGEventTapTests.swift in Sources */,
				428E8A5EB8163911AFAAE0A8 /* CallbackChainTests.swift in Sources */,
				6F31F0B81F27B22E297DBCEB /* CancelKeyTests.swift in Sources */,
				04350F884FB27406CDD06973 /* CancelRecordingTests.swift in Sources */,
				AE42886A119AB40829BE4410 /* ClipboardTests.swift in Sources */,
				71422DDB550970550CB45B81 /* HotkeyLogicTests.swift in Sources */,
				36CA8B51411A17CB4FDB6766 /* ModelFailureTests.swift in Sources */,
				13B99E3224F5F0ACD2F19F7F /* PanelFocusTests.swift in Sources */,
				12A358553475E296237C063D /* PipelineTests.swift in Sources */,
				5B31F2441694435C43E7CBD3 /* PlaceholderTests.swift in Sources */,
				10D2E47299F5EBD1DF52D731 /* PunctuationServiceTests.swift in Sources */,
				6D503140A51E3BA04040E151 /* SpeechRecognizerTests.swift in Sources */,
				95C675B22F7C9ECF413FE827 /* SupplementaryTests.swift in Sources */,
				A5F752E83CA5C219FD6145E9 /* TestMocks.swift in Sources */,
				1143AA1B3B231826A9F07F92 /* ThreadSafetyTests.swift in Sources */,
			);
			runOnlyForDeploymentPostprocessing = 0;
		};
		A18493949CEE31153F1C5A94 /* Sources */ = {
			isa = PBXSourcesBuildPhase;
			buildActionMask = 2147483647;
			files = (
				1CCB949D18208B438C462100 /* APIClient.swift in Sources */,
				A9C324B201057450A45846AC /* AppDelegate.swift in Sources */,
				A6EECA08133BC357DEE64493 /* AppState.swift in Sources */,
				3E03655C9368E5C961CF584D /* AudioBackupService.swift in Sources */,
				C1BA8CE73997FC0B14CDFE81 /* AudioRecorder.swift in Sources */,
				49A51B89CC503D8110DAD04C /* ContentView.swift in Sources */,
				69CFDF342BFE72BCC7034EEF /* HistoryStore.swift in Sources */,
				016B508F9D747CE1FC7FDE30 /* HistoryView.swift in Sources */,
				99B0648C7989ACC9BFFCB119 /* HotkeyConfig.swift in Sources */,
				759FE520D04A8BE436E66CF1 /* HotkeyManager.swift in Sources */,
				820BB6693FEEBD8B2DB6946C /* MenuBarView.swift in Sources */,
				D6BCAE53FD1D4A0615DD0496 /* Protocols.swift in Sources */,
				DA9AD49E56E95F04E6E3296E /* PunctuationService.swift in Sources */,
				9A8128855EAA2AF1470652C5 /* RecordingPanel.swift in Sources */,
				D0D5667192E18955ABECB217 /* SettingsView.swift in Sources */,
				575A580C849D4EAB8818189B /* SherpaOnnx.swift in Sources */,
				158E5AAC4B5DDCB95DD9C799 /* SpeechRecognizer.swift in Sources */,
				DF34551EA8C9F200F0C17244 /* TextOutputService.swift in Sources */,
				1E2C9BDDE8D675B433EF91B0 /* VoKeyApp.swift in Sources */,
			);
			runOnlyForDeploymentPostprocessing = 0;
		};
/* End PBXSourcesBuildPhase section */

/* Begin PBXTargetDependency section */
		A0BFC62A555953296530E5E0 /* PBXTargetDependency */ = {
			isa = PBXTargetDependency;
			target = 6253D7DF434E25319BE6B23B /* VoKey */;
			targetProxy = 431143171910F72CDBCAA2BB /* PBXContainerItemProxy */;
		};
/* End PBXTargetDependency section */

/* Begin XCBuildConfiguration section */
		13078B34FDD5034A209A52FF /* Debug */ = {
			isa = XCBuildConfiguration;
			buildSettings = {
				BUNDLE_LOADER = "$(TEST_HOST)";
				COMBINE_HIDPI_IMAGES = YES;
				GENERATE_INFOPLIST_FILE = YES;
				LD_RUNPATH_SEARCH_PATHS = (
					"$(inherited)",
					"@executable_path/../Frameworks",
					"@loader_path/../Frameworks",
				);
				PRODUCT_BUNDLE_IDENTIFIER = com.vokey.VoKeyTests;
				SDKROOT = macosx;
				TEST_HOST = "$(BUILT_PRODUCTS_DIR)/VoKey.app/Contents/MacOS/VoKey";
			};
			name = Debug;
		};
		6EFB5A77C25405537EE99F1F /* Release */ = {
			isa = XCBuildConfiguration;
			buildSettings = {
				ALWAYS_SEARCH_USER_PATHS = NO;
				CLANG_ANALYZER_NONNULL = YES;
				CLANG_ANALYZER_NUMBER_OBJECT_CONVERSION = YES_AGGRESSIVE;
				CLANG_CXX_LANGUAGE_STANDARD = "gnu++14";
				CLANG_CXX_LIBRARY = "libc++";
				CLANG_ENABLE_MODULES = YES;
				CLANG_ENABLE_OBJC_ARC = YES;
				CLANG_ENABLE_OBJC_WEAK = YES;
				CLANG_WARN_BLOCK_CAPTURE_AUTORELEASING = YES;
				CLANG_WARN_BOOL_CONVERSION = YES;
				CLANG_WARN_COMMA = YES;
				CLANG_WARN_CONSTANT_CONVERSION = YES;
				CLANG_WARN_DEPRECATED_OBJC_IMPLEMENTATIONS = YES;
				CLANG_WARN_DIRECT_OBJC_ISA_USAGE = YES_ERROR;
				CLANG_WARN_DOCUMENTATION_COMMENTS = YES;
				CLANG_WARN_EMPTY_BODY = YES;
				CLANG_WARN_ENUM_CONVERSION = YES;
				CLANG_WARN_INFINITE_RECURSION = YES;
				CLANG_WARN_INT_CONVERSION = YES;
				CLANG_WARN_NON_LITERAL_NULL_CONVERSION = YES;
				CLANG_WARN_OBJC_IMPLICIT_RETAIN_SELF = YES;
				CLANG_WARN_OBJC_LITERAL_CONVERSION = YES;
				CLANG_WARN_OBJC_ROOT_CLASS = YES_ERROR;
				CLANG_WARN_QUOTED_INCLUDE_IN_FRAMEWORK_HEADER = YES;
				CLANG_WARN_RANGE_LOOP_ANALYSIS = YES;
				CLANG_WARN_STRICT_PROTOTYPES = YES;
				CLANG_WARN_SUSPICIOUS_MOVE = YES;
				CLANG_WARN_UNGUARDED_AVAILABILITY = YES_AGGRESSIVE;
				CLANG_WARN_UNREACHABLE_CODE = YES;
				CLANG_WARN__DUPLICATE_METHOD_MATCH = YES;
				COPY_PHASE_STRIP = NO;
				DEBUG_INFORMATION_FORMAT = "dwarf-with-dsym";
				ENABLE_NS_ASSERTIONS = NO;
				ENABLE_STRICT_OBJC_MSGSEND = YES;
				GCC_C_LANGUAGE_STANDARD = gnu11;
				GCC_NO_COMMON_BLOCKS = YES;
				GCC_WARN_64_TO_32_BIT_CONVERSION = YES;
				GCC_WARN_ABOUT_RETURN_TYPE = YES_ERROR;
				GCC_WARN_UNDECLARED_SELECTOR = YES;
				GCC_WARN_UNINITIALIZED_AUTOS = YES_AGGRESSIVE;
				GCC_WARN_UNUSED_FUNCTION = YES;
				GCC_WARN_UNUSED_VARIABLE = YES;
				MACOSX_DEPLOYMENT_TARGET = 13.0;
				MTL_ENABLE_DEBUG_INFO = NO;
				MTL_FAST_MATH = YES;
				PRODUCT_NAME = "$(TARGET_NAME)";
				SDKROOT = macosx;
				SWIFT_COMPILATION_MODE = wholemodule;
				SWIFT_OPTIMIZATION_LEVEL = "-O";
				SWIFT_VERSION = 5.9;
			};
			name = Release;
		};
		A45C4AD30A0E90FEAD1EB4D2 /* Release */ = {
			isa = XCBuildConfiguration;
			buildSettings = {
				BUNDLE_LOADER = "$(TEST_HOST)";
				COMBINE_HIDPI_IMAGES = YES;
				GENERATE_INFOPLIST_FILE = YES;
				LD_RUNPATH_SEARCH_PATHS = (
					"$(inherited)",
					"@executable_path/../Frameworks",
					"@loader_path/../Frameworks",
				);
				PRODUCT_BUNDLE_IDENTIFIER = com.vokey.VoKeyTests;
				SDKROOT = macosx;
				TEST_HOST = "$(BUILT_PRODUCTS_DIR)/VoKey.app/Contents/MacOS/VoKey";
			};
			name = Release;
		};
		AB0F6B05822FF8726275348D /* Debug */ = {
			isa = XCBuildConfiguration;
			buildSettings = {
				ASSETCATALOG_COMPILER_APPICON_NAME = AppIcon;
				CODE_SIGN_IDENTITY = "Apple Development";
				COMBINE_HIDPI_IMAGES = YES;
				DEVELOPMENT_TEAM = REDACTED_TEAM_ID;
				ENABLE_APP_SANDBOX = NO;
				FRAMEWORK_SEARCH_PATHS = (
					"$(inherited)",
					"\"Libraries\"",
				);
				HEADER_SEARCH_PATHS = (
					"$(PROJECT_DIR)/Libraries/sherpa-onnx.xcframework/macos-arm64_x86_64/Headers",
				);
				INFOPLIST_FILE = VoKey/Info.plist;
				LD_RUNPATH_SEARCH_PATHS = (
					"$(inherited)",
					"@executable_path/../Frameworks",
				);
				MACOSX_DEPLOYMENT_TARGET = 13.0;
				OTHER_LDFLAGS = (
					"-lc++",
					"-L$(PROJECT_DIR)/Libraries",
					"-lonnxruntime",
				);
				PRODUCT_BUNDLE_IDENTIFIER = com.vokey.app;
				SDKROOT = macosx;
				SWIFT_OBJC_BRIDGING_HEADER = "VoKey/SherpaOnnx/SherpaOnnx-Bridging-Header.h";
			};
			name = Debug;
		};
		BA92C3F2B2A3E62D779E9A81 /* Release */ = {
			isa = XCBuildConfiguration;
			buildSettings = {
				ASSETCATALOG_COMPILER_APPICON_NAME = AppIcon;
				CODE_SIGN_IDENTITY = "Apple Development";
				COMBINE_HIDPI_IMAGES = YES;
				DEVELOPMENT_TEAM = REDACTED_TEAM_ID;
				ENABLE_APP_SANDBOX = NO;
				FRAMEWORK_SEARCH_PATHS = (
					"$(inherited)",
					"\"Libraries\"",
				);
				HEADER_SEARCH_PATHS = (
					"$(PROJECT_DIR)/Libraries/sherpa-onnx.xcframework/macos-arm64_x86_64/Headers",
				);
				INFOPLIST_FILE = VoKey/Info.plist;
				LD_RUNPATH_SEARCH_PATHS = (
					"$(inherited)",
					"@executable_path/../Frameworks",
				);
				MACOSX_DEPLOYMENT_TARGET = 13.0;
				OTHER_LDFLAGS = (
					"-lc++",
					"-L$(PROJECT_DIR)/Libraries",
					"-lonnxruntime",
				);
				PRODUCT_BUNDLE_IDENTIFIER = com.vokey.app;
				SDKROOT = macosx;
				SWIFT_OBJC_BRIDGING_HEADER = "VoKey/SherpaOnnx/SherpaOnnx-Bridging-Header.h";
			};
			name = Release;
		};
		F0DB00B4E8231607E83FF82F /* Debug */ = {
			isa = XCBuildConfiguration;
			buildSettings = {
				ALWAYS_SEARCH_USER_PATHS = NO;
				CLANG_ANALYZER_NONNULL = YES;
				CLANG_ANALYZER_NUMBER_OBJECT_CONVERSION = YES_AGGRESSIVE;
				CLANG_CXX_LANGUAGE_STANDARD = "gnu++14";
				CLANG_CXX_LIBRARY = "libc++";
				CLANG_ENABLE_MODULES = YES;
				CLANG_ENABLE_OBJC_ARC = YES;
				CLANG_ENABLE_OBJC_WEAK = YES;
				CLANG_WARN_BLOCK_CAPTURE_AUTORELEASING = YES;
				CLANG_WARN_BOOL_CONVERSION = YES;
				CLANG_WARN_COMMA = YES;
				CLANG_WARN_CONSTANT_CONVERSION = YES;
				CLANG_WARN_DEPRECATED_OBJC_IMPLEMENTATIONS = YES;
				CLANG_WARN_DIRECT_OBJC_ISA_USAGE = YES_ERROR;
				CLANG_WARN_DOCUMENTATION_COMMENTS = YES;
				CLANG_WARN_EMPTY_BODY = YES;
				CLANG_WARN_ENUM_CONVERSION = YES;
				CLANG_WARN_INFINITE_RECURSION = YES;
				CLANG_WARN_INT_CONVERSION = YES;
				CLANG_WARN_NON_LITERAL_NULL_CONVERSION = YES;
				CLANG_WARN_OBJC_IMPLICIT_RETAIN_SELF = YES;
				CLANG_WARN_OBJC_LITERAL_CONVERSION = YES;
				CLANG_WARN_OBJC_ROOT_CLASS = YES_ERROR;
				CLANG_WARN_QUOTED_INCLUDE_IN_FRAMEWORK_HEADER = YES;
				CLANG_WARN_RANGE_LOOP_ANALYSIS = YES;
				CLANG_WARN_STRICT_PROTOTYPES = YES;
				CLANG_WARN_SUSPICIOUS_MOVE = YES;
				CLANG_WARN_UNGUARDED_AVAILABILITY = YES_AGGRESSIVE;
				CLANG_WARN_UNREACHABLE_CODE = YES;
				CLANG_WARN__DUPLICATE_METHOD_MATCH = YES;
				COPY_PHASE_STRIP = NO;
				DEBUG_INFORMATION_FORMAT = dwarf;
				ENABLE_STRICT_OBJC_MSGSEND = YES;
				ENABLE_TESTABILITY = YES;
				GCC_C_LANGUAGE_STANDARD = gnu11;
				GCC_DYNAMIC_NO_PIC = NO;
				GCC_NO_COMMON_BLOCKS = YES;
				GCC_OPTIMIZATION_LEVEL = 0;
				GCC_PREPROCESSOR_DEFINITIONS = (
					"$(inherited)",
					"DEBUG=1",
				);
				GCC_WARN_64_TO_32_BIT_CONVERSION = YES;
				GCC_WARN_ABOUT_RETURN_TYPE = YES_ERROR;
				GCC_WARN_UNDECLARED_SELECTOR = YES;
				GCC_WARN_UNINITIALIZED_AUTOS = YES_AGGRESSIVE;
				GCC_WARN_UNUSED_FUNCTION = YES;
				GCC_WARN_UNUSED_VARIABLE = YES;
				MACOSX_DEPLOYMENT_TARGET = 13.0;
				MTL_ENABLE_DEBUG_INFO = INCLUDE_SOURCE;
				MTL_FAST_MATH = YES;
				ONLY_ACTIVE_ARCH = YES;
				PRODUCT_NAME = "$(TARGET_NAME)";
				SDKROOT = macosx;
				SWIFT_ACTIVE_COMPILATION_CONDITIONS = DEBUG;
				SWIFT_OPTIMIZATION_LEVEL = "-Onone";
				SWIFT_VERSION = 5.9;
			};
			name = Debug;
		};
/* End XCBuildConfiguration section */

/* Begin XCConfigurationList section */
		664B584C93FDFC60AE0C2FA7 /* Build configuration list for PBXProject "VoKey" */ = {
			isa = XCConfigurationList;
			buildConfigurations = (
				F0DB00B4E8231607E83FF82F /* Debug */,
				6EFB5A77C25405537EE99F1F /* Release */,
			);
			defaultConfigurationIsVisible = 0;
			defaultConfigurationName = Debug;
		};
		D8C585424B804FEFA4C4F0AC /* Build configuration list for PBXNativeTarget "VoKeyTests" */ = {
			isa = XCConfigurationList;
			buildConfigurations = (
				13078B34FDD5034A209A52FF /* Debug */,
				A45C4AD30A0E90FEAD1EB4D2 /* Release */,
			);
			defaultConfigurationIsVisible = 0;
			defaultConfigurationName = Debug;
		};
		EF5925B1878816E8A204E18C /* Build configuration list for PBXNativeTarget "VoKey" */ = {
			isa = XCConfigurationList;
			buildConfigurations = (
				AB0F6B05822FF8726275348D /* Debug */,
				BA92C3F2B2A3E62D779E9A81 /* Release */,
			);
			defaultConfigurationIsVisible = 0;
			defaultConfigurationName = Debug;
		};
/* End XCConfigurationList section */
	};
	rootObject = 2DBD7EFAF13F7F91C57DD08C /* Project object */;
}
